// !$*UTF8*$!
{
	archiveVersion = 1;
	classes = {
	};
	objectVersion = 55;
	objects = {

/* Begin PBXBuildFile section */
		C01BC0C1280E820D005BC2EA /* CaptureViewController.swift in Sources */ = {isa = PBXBuildFile; fileRef = C01BC0C0280E820D005BC2EA /* CaptureViewController.swift */; };
		C01BC0C5280E9432005BC2EA /* LoginViewController.swift in Sources */ = {isa = PBXBuildFile; fileRef = C01BC0C4280E9432005BC2EA /* LoginViewController.swift */; };
		C062980D27FEA948009EE5F2 /* AppDelegate.swift in Sources */ = {isa = PBXBuildFile; fileRef = C062980C27FEA948009EE5F2 /* AppDelegate.swift */; };
		C062980F27FEA948009EE5F2 /* SceneDelegate.swift in Sources */ = {isa = PBXBuildFile; fileRef = C062980E27FEA948009EE5F2 /* SceneDelegate.swift */; };
		C062981427FEA948009EE5F2 /* Main.storyboard in Resources */ = {isa = PBXBuildFile; fileRef = C062981227FEA948009EE5F2 /* Main.storyboard */; };
		C062981627FEA94A009EE5F2 /* Assets.xcassets in Resources */ = {isa = PBXBuildFile; fileRef = C062981527FEA94A009EE5F2 /* Assets.xcassets */; };
		C062981927FEA94A009EE5F2 /* LaunchScreen.storyboard in Resources */ = {isa = PBXBuildFile; fileRef = C062981727FEA94A009EE5F2 /* LaunchScreen.storyboard */; };
		C0800A962A557D0E00093419 /* CustomOverlayView.swift in Sources */ = {isa = PBXBuildFile; fileRef = C0800A952A557D0E00093419 /* CustomOverlayView.swift */; };
		C081A39B29B23108006999A1 /* SettingsViewController.swift in Sources */ = {isa = PBXBuildFile; fileRef = C081A39A29B23108006999A1 /* SettingsViewController.swift */; };
		C0904EE729B5026E007D5A82 /* ViewSettings.storyboard in Resources */ = {isa = PBXBuildFile; fileRef = C010C21929B4FAC500DF459D /* ViewSettings.storyboard */; };
		C0904EEB29B50561007D5A82 /* MainTableViewController.swift in Sources */ = {isa = PBXBuildFile; fileRef = C010C1B929B4F7DB00DF459D /* MainTableViewController.swift */; };
		C0904EF129B5056C007D5A82 /* ViewfinderTableViewController.swift in Sources */ = {isa = PBXBuildFile; fileRef = C010C1C029B4F7DB00DF459D /* ViewfinderTableViewController.swift */; };
		C0904EFC29B50582007D5A82 /* SettingsTableViewController.swift in Sources */ = {isa = PBXBuildFile; fileRef = C010C1CD29B4F7DB00DF459D /* SettingsTableViewController.swift */; };
		C0904EFD29B50582007D5A82 /* ChoiceViewController.swift in Sources */ = {isa = PBXBuildFile; fileRef = C010C1CE29B4F7DB00DF459D /* ChoiceViewController.swift */; };
		C0904EFE29B50582007D5A82 /* NavigationController.swift in Sources */ = {isa = PBXBuildFile; fileRef = C010C1CF29B4F7DB00DF459D /* NavigationController.swift */; };
		C0904EFF29B50582007D5A82 /* FloatWithUnitChooserViewController.swift in Sources */ = {isa = PBXBuildFile; fileRef = C010C1D029B4F7DB00DF459D /* FloatWithUnitChooserViewController.swift */; };
		C0904F0229B5058C007D5A82 /* SettingsManager.swift in Sources */ = {isa = PBXBuildFile; fileRef = C010C1D629B4FA3900DF459D /* SettingsManager.swift */; };
		C0904F0429B505A2007D5A82 /* SwitchCell.swift in Sources */ = {isa = PBXBuildFile; fileRef = C010C20129B4FA4C00DF459D /* SwitchCell.swift */; };
		C0904F0529B505A2007D5A82 /* BasicCell.swift in Sources */ = {isa = PBXBuildFile; fileRef = C010C1FB29B4FA4C00DF459D /* BasicCell.swift */; };
		C0904F0629B505A2007D5A82 /* Row.swift in Sources */ = {isa = PBXBuildFile; fileRef = C010C1F829B4FA4400DF459D /* Row.swift */; };
		C0904F0829B505A2007D5A82 /* FloatInputCell.swift in Sources */ = {isa = PBXBuildFile; fileRef = C010C1FC29B4FA4C00DF459D /* FloatInputCell.swift */; };
		C0904F0929B505A2007D5A82 /* UITableView+Utils.swift in Sources */ = {isa = PBXBuildFile; fileRef = C010C1FD29B4FA4C00DF459D /* UITableView+Utils.swift */; };
		C0904F0A29B505A2007D5A82 /* SliderCell.xib in Resources */ = {isa = PBXBuildFile; fileRef = C010C20029B4FA4C00DF459D /* SliderCell.xib */; };
		C0904F0B29B505A2007D5A82 /* RectangularSizeSpecification.swift in Sources */ = {isa = PBXBuildFile; fileRef = C010C1D929B4FA4400DF459D /* RectangularSizeSpecification.swift */; };
		C0904F0D29B505A2007D5A82 /* Row+Specializations.swift in Sources */ = {isa = PBXBuildFile; fileRef = C010C1F429B4FA4400DF459D /* Row+Specializations.swift */; };
		C0904F0E29B505A2007D5A82 /* Section.swift in Sources */ = {isa = PBXBuildFile; fileRef = C010C1F629B4FA4400DF459D /* Section.swift */; };
		C0904F1029B505A2007D5A82 /* SliderCell.swift in Sources */ = {isa = PBXBuildFile; fileRef = C010C1FF29B4FA4C00DF459D /* SliderCell.swift */; };
		C0904F1129B505A2007D5A82 /* DataSource.swift in Sources */ = {isa = PBXBuildFile; fileRef = C010C1F729B4FA4400DF459D /* DataSource.swift */; };
		C0904F1229B505A2007D5A82 /* DataSourceDelegate.swift in Sources */ = {isa = PBXBuildFile; fileRef = C010C1F529B4FA4400DF459D /* DataSourceDelegate.swift */; };
		C0904F1429B505C6007D5A82 /* Constants.swift in Sources */ = {isa = PBXBuildFile; fileRef = C0904F1329B505C6007D5A82 /* Constants.swift */; };
		C0904F2229B505E0007D5A82 /* RectangularViewfinderColor.swift in Sources */ = {isa = PBXBuildFile; fileRef = C010C1EE29B4FA4400DF459D /* RectangularViewfinderColor.swift */; };
		C0904F2529B505E0007D5A82 /* LaserlineViewfinderDisabledColor.swift in Sources */ = {isa = PBXBuildFile; fileRef = C010C1E829B4FA4400DF459D /* LaserlineViewfinderDisabledColor.swift */; };
		C0904F2829B505E0007D5A82 /* RectangularViewfinderDisabledColor.swift in Sources */ = {isa = PBXBuildFile; fileRef = C010C1ED29B4FA4400DF459D /* RectangularViewfinderDisabledColor.swift */; };
		C0904F2929B505E0007D5A82 /* ViewfinderDataSource.swift in Sources */ = {isa = PBXBuildFile; fileRef = C010C1EC29B4FA4400DF459D /* ViewfinderDataSource.swift */; };
		C0904F2B29B505E0007D5A82 /* AimerViewfinderFrameColor.swift in Sources */ = {isa = PBXBuildFile; fileRef = C010C1EA29B4FA4400DF459D /* AimerViewfinderFrameColor.swift */; };
		C0904F2C29B505E0007D5A82 /* AimerViewfinderDotColor.swift in Sources */ = {isa = PBXBuildFile; fileRef = C010C1EB29B4FA4400DF459D /* AimerViewfinderDotColor.swift */; };
		C0904F2F29B505E0007D5A82 /* LaserlineViewfinderEnabledColor.swift in Sources */ = {isa = PBXBuildFile; fileRef = C010C1E929B4FA4400DF459D /* LaserlineViewfinderEnabledColor.swift */; };
		C0904F5029B674C8007D5A82 /* PriceCheckFeedbackTableViewController.swift in Sources */ = {isa = PBXBuildFile; fileRef = C0904F4F29B674C8007D5A82 /* PriceCheckFeedbackTableViewController.swift */; };
		C0904F5229B675C6007D5A82 /* PriceCheckFeedbackDataSource.swift in Sources */ = {isa = PBXBuildFile; fileRef = C0904F5129B675C6007D5A82 /* PriceCheckFeedbackDataSource.swift */; };
		C0904F5329B86C36007D5A82 /* PriceCheckFeedbackSettings.storyboard in Resources */ = {isa = PBXBuildFile; fileRef = C0904F4E29B67331007D5A82 /* PriceCheckFeedbackSettings.storyboard */; };
		C0904F5429B9319D007D5A82 /* OverlayTableViewController.swift in Sources */ = {isa = PBXBuildFile; fileRef = C010C1C129B4F7DB00DF459D /* OverlayTableViewController.swift */; };
		C0904F5529B931A3007D5A82 /* OverlayDataSource.swift in Sources */ = {isa = PBXBuildFile; fileRef = C010C1E629B4FA4400DF459D /* OverlayDataSource.swift */; };
		C0904F5629B9E37B007D5A82 /* ScanAreaDataSource.swift in Sources */ = {isa = PBXBuildFile; fileRef = C010C1E429B4FA4400DF459D /* ScanAreaDataSource.swift */; };
		C0904F5729B9E383007D5A82 /* ScanAreaTableViewController.swift in Sources */ = {isa = PBXBuildFile; fileRef = C010C1BF29B4F7DB00DF459D /* ScanAreaTableViewController.swift */; };
		C0904F5829BA58CF007D5A82 /* UITableViewCell+Extensions.swift in Sources */ = {isa = PBXBuildFile; fileRef = C010C21029B4FA5400DF459D /* UITableViewCell+Extensions.swift */; };
		C0904F5929BA58E3007D5A82 /* NumberFormatter+Extensions.swift in Sources */ = {isa = PBXBuildFile; fileRef = C010C20629B4FA5400DF459D /* NumberFormatter+Extensions.swift */; };
		C0904F5A29BA58F2007D5A82 /* OptionalAny+Extensions.swift in Sources */ = {isa = PBXBuildFile; fileRef = C010C20A29B4FA5400DF459D /* OptionalAny+Extensions.swift */; };
		C0904F5B29BA5933007D5A82 /* ViewfinderStyles.swift in Sources */ = {isa = PBXBuildFile; fileRef = C010C20729B4FA5400DF459D /* ViewfinderStyles.swift */; };
		C0904F5C29BA594E007D5A82 /* Float+Extensions.swift in Sources */ = {isa = PBXBuildFile; fileRef = C010C21529B4FA5400DF459D /* Float+Extensions.swift */; };
		C0904F5D29BA8277007D5A82 /* MeasureUnit+Extensions.swift in Sources */ = {isa = PBXBuildFile; fileRef = C010C20B29B4FA5400DF459D /* MeasureUnit+Extensions.swift */; };
		C0CA8F6329BA90CD00DD2F26 /* Size+Extensions.swift in Sources */ = {isa = PBXBuildFile; fileRef = C0CA8F6229BA90CD00DD2F26 /* Size+Extensions.swift */; };
		D33BB1B1296DD54F0046619E /* Assets.swift in Sources */ = {isa = PBXBuildFile; fileRef = D33BB1B0296DD54F0046619E /* Assets.swift */; };
		D366425F2A976EAF00AC82EF /* SettingsManagerFeedbackSection.swift in Sources */ = {isa = PBXBuildFile; fileRef = D366425E2A976EAF00AC82EF /* SettingsManagerFeedbackSection.swift */; };
		D36642612A976F8800AC82EF /* SettingsManagerSection.swift in Sources */ = {isa = PBXBuildFile; fileRef = D36642602A976F8800AC82EF /* SettingsManagerSection.swift */; };
		D36642632A97701A00AC82EF /* SettingsManagerViewfinderConfigurationSection.swift in Sources */ = {isa = PBXBuildFile; fileRef = D36642622A97701A00AC82EF /* SettingsManagerViewfinderConfigurationSection.swift */; };
		D36642652A9770C700AC82EF /* SettingsManagerLaserlineViewfinderSection.swift in Sources */ = {isa = PBXBuildFile; fileRef = D36642642A9770C700AC82EF /* SettingsManagerLaserlineViewfinderSection.swift */; };
		D36642672A97738700AC82EF /* SettingsManagerAimerViewfinderSection.swift in Sources */ = {isa = PBXBuildFile; fileRef = D36642662A97738700AC82EF /* SettingsManagerAimerViewfinderSection.swift */; };
		D36642692A97739A00AC82EF /* SettingsManagerRectangularViewfinderSection.swift in Sources */ = {isa = PBXBuildFile; fileRef = D36642682A97739A00AC82EF /* SettingsManagerRectangularViewfinderSection.swift */; };
		D366426B2A97742F00AC82EF /* SettingsManagerBasicOverlaySection.swift in Sources */ = {isa = PBXBuildFile; fileRef = D366426A2A97742F00AC82EF /* SettingsManagerBasicOverlaySection.swift */; };
		D366426D2A97749C00AC82EF /* SettingsManagerAdvancedOverlaySection.swift in Sources */ = {isa = PBXBuildFile; fileRef = D366426C2A97749C00AC82EF /* SettingsManagerAdvancedOverlaySection.swift */; };
		D366426F2A9774E500AC82EF /* SettingsManagerCustomOverlaySection.swift in Sources */ = {isa = PBXBuildFile; fileRef = D366426E2A9774E500AC82EF /* SettingsManagerCustomOverlaySection.swift */; };
		D3A63D6B28E432810030EE3A /* UIViewController+Toast.swift in Sources */ = {isa = PBXBuildFile; fileRef = D3A63D6A28E432810030EE3A /* UIViewController+Toast.swift */; };
		D3B01F692A3A153F00BA3405 /* ScanditShelf in Frameworks */ = {isa = PBXBuildFile; productRef = D3B01F682A3A153F00BA3405 /* ScanditShelf */; };
		D3D1C1052A8F9216004165CF /* PriceCheckFlowTableViewController.swift in Sources */ = {isa = PBXBuildFile; fileRef = D3D1C1042A8F9216004165CF /* PriceCheckFlowTableViewController.swift */; };
		D3D1C1072A8F924A004165CF /* PriceCheckFlowDataSource.swift in Sources */ = {isa = PBXBuildFile; fileRef = D3D1C1062A8F924A004165CF /* PriceCheckFlowDataSource.swift */; };
		D3D1C1092A8F9BB1004165CF /* PriceCheckFlow.storyboard in Resources */ = {isa = PBXBuildFile; fileRef = D3D1C1082A8F9BB1004165CF /* PriceCheckFlow.storyboard */; };
		D3D3694F286DCEFC006FD7A0 /* Segues.swift in Sources */ = {isa = PBXBuildFile; fileRef = D3D3694E286DCEFC006FD7A0 /* Segues.swift */; };
		D3EE3D652822D4E1007A25FC /* StoreListViewController.swift in Sources */ = {isa = PBXBuildFile; fileRef = D3EE3D642822D4E1007A25FC /* StoreListViewController.swift */; };
/* End PBXBuildFile section */

/* Begin PBXCopyFilesBuildPhase section */
		C062982427FEC751009EE5F2 /* Embed Frameworks */ = {
			isa = PBXCopyFilesBuildPhase;
			buildActionMask = 2147483647;
			dstPath = "";
			dstSubfolderSpec = 10;
			files = (
			);
			name = "Embed Frameworks";
			runOnlyForDeploymentPostprocessing = 0;
		};
/* End PBXCopyFilesBuildPhase section */

/* Begin PBXFileReference section */
		C010C1B929B4F7DB00DF459D /* MainTableViewController.swift */ = {isa = PBXFileReference; lastKnownFileType = sourcecode.swift; path = MainTableViewController.swift; sourceTree = "<group>"; };
		C010C1BF29B4F7DB00DF459D /* ScanAreaTableViewController.swift */ = {isa = PBXFileReference; lastKnownFileType = sourcecode.swift; path = ScanAreaTableViewController.swift; sourceTree = "<group>"; };
		C010C1C029B4F7DB00DF459D /* ViewfinderTableViewController.swift */ = {isa = PBXFileReference; lastKnownFileType = sourcecode.swift; path = ViewfinderTableViewController.swift; sourceTree = "<group>"; };
		C010C1C129B4F7DB00DF459D /* OverlayTableViewController.swift */ = {isa = PBXFileReference; lastKnownFileType = sourcecode.swift; path = OverlayTableViewController.swift; sourceTree = "<group>"; };
		C010C1CD29B4F7DB00DF459D /* SettingsTableViewController.swift */ = {isa = PBXFileReference; lastKnownFileType = sourcecode.swift; path = SettingsTableViewController.swift; sourceTree = "<group>"; };
		C010C1CE29B4F7DB00DF459D /* ChoiceViewController.swift */ = {isa = PBXFileReference; lastKnownFileType = sourcecode.swift; path = ChoiceViewController.swift; sourceTree = "<group>"; };
		C010C1CF29B4F7DB00DF459D /* NavigationController.swift */ = {isa = PBXFileReference; lastKnownFileType = sourcecode.swift; path = NavigationController.swift; sourceTree = "<group>"; };
		C010C1D029B4F7DB00DF459D /* FloatWithUnitChooserViewController.swift */ = {isa = PBXFileReference; lastKnownFileType = sourcecode.swift; path = FloatWithUnitChooserViewController.swift; sourceTree = "<group>"; };
		C010C1D629B4FA3900DF459D /* SettingsManager.swift */ = {isa = PBXFileReference; lastKnownFileType = sourcecode.swift; path = SettingsManager.swift; sourceTree = "<group>"; };
		C010C1D929B4FA4400DF459D /* RectangularSizeSpecification.swift */ = {isa = PBXFileReference; lastKnownFileType = sourcecode.swift; path = RectangularSizeSpecification.swift; sourceTree = "<group>"; };
		C010C1E429B4FA4400DF459D /* ScanAreaDataSource.swift */ = {isa = PBXFileReference; lastKnownFileType = sourcecode.swift; path = ScanAreaDataSource.swift; sourceTree = "<group>"; };
		C010C1E629B4FA4400DF459D /* OverlayDataSource.swift */ = {isa = PBXFileReference; lastKnownFileType = sourcecode.swift; path = OverlayDataSource.swift; sourceTree = "<group>"; };
		C010C1E829B4FA4400DF459D /* LaserlineViewfinderDisabledColor.swift */ = {isa = PBXFileReference; lastKnownFileType = sourcecode.swift; path = LaserlineViewfinderDisabledColor.swift; sourceTree = "<group>"; };
		C010C1E929B4FA4400DF459D /* LaserlineViewfinderEnabledColor.swift */ = {isa = PBXFileReference; lastKnownFileType = sourcecode.swift; path = LaserlineViewfinderEnabledColor.swift; sourceTree = "<group>"; };
		C010C1EA29B4FA4400DF459D /* AimerViewfinderFrameColor.swift */ = {isa = PBXFileReference; lastKnownFileType = sourcecode.swift; path = AimerViewfinderFrameColor.swift; sourceTree = "<group>"; };
		C010C1EB29B4FA4400DF459D /* AimerViewfinderDotColor.swift */ = {isa = PBXFileReference; lastKnownFileType = sourcecode.swift; path = AimerViewfinderDotColor.swift; sourceTree = "<group>"; };
		C010C1EC29B4FA4400DF459D /* ViewfinderDataSource.swift */ = {isa = PBXFileReference; lastKnownFileType = sourcecode.swift; path = ViewfinderDataSource.swift; sourceTree = "<group>"; };
		C010C1ED29B4FA4400DF459D /* RectangularViewfinderDisabledColor.swift */ = {isa = PBXFileReference; lastKnownFileType = sourcecode.swift; path = RectangularViewfinderDisabledColor.swift; sourceTree = "<group>"; };
		C010C1EE29B4FA4400DF459D /* RectangularViewfinderColor.swift */ = {isa = PBXFileReference; lastKnownFileType = sourcecode.swift; path = RectangularViewfinderColor.swift; sourceTree = "<group>"; };
		C010C1F429B4FA4400DF459D /* Row+Specializations.swift */ = {isa = PBXFileReference; lastKnownFileType = sourcecode.swift; path = "Row+Specializations.swift"; sourceTree = "<group>"; };
		C010C1F529B4FA4400DF459D /* DataSourceDelegate.swift */ = {isa = PBXFileReference; lastKnownFileType = sourcecode.swift; path = DataSourceDelegate.swift; sourceTree = "<group>"; };
		C010C1F629B4FA4400DF459D /* Section.swift */ = {isa = PBXFileReference; lastKnownFileType = sourcecode.swift; path = Section.swift; sourceTree = "<group>"; };
		C010C1F729B4FA4400DF459D /* DataSource.swift */ = {isa = PBXFileReference; lastKnownFileType = sourcecode.swift; path = DataSource.swift; sourceTree = "<group>"; };
		C010C1F829B4FA4400DF459D /* Row.swift */ = {isa = PBXFileReference; lastKnownFileType = sourcecode.swift; path = Row.swift; sourceTree = "<group>"; };
		C010C1FB29B4FA4C00DF459D /* BasicCell.swift */ = {isa = PBXFileReference; lastKnownFileType = sourcecode.swift; path = BasicCell.swift; sourceTree = "<group>"; };
		C010C1FC29B4FA4C00DF459D /* FloatInputCell.swift */ = {isa = PBXFileReference; lastKnownFileType = sourcecode.swift; path = FloatInputCell.swift; sourceTree = "<group>"; };
		C010C1FD29B4FA4C00DF459D /* UITableView+Utils.swift */ = {isa = PBXFileReference; lastKnownFileType = sourcecode.swift; path = "UITableView+Utils.swift"; sourceTree = "<group>"; };
		C010C1FF29B4FA4C00DF459D /* SliderCell.swift */ = {isa = PBXFileReference; lastKnownFileType = sourcecode.swift; path = SliderCell.swift; sourceTree = "<group>"; };
		C010C20029B4FA4C00DF459D /* SliderCell.xib */ = {isa = PBXFileReference; lastKnownFileType = file.xib; path = SliderCell.xib; sourceTree = "<group>"; };
		C010C20129B4FA4C00DF459D /* SwitchCell.swift */ = {isa = PBXFileReference; lastKnownFileType = sourcecode.swift; path = SwitchCell.swift; sourceTree = "<group>"; };
		C010C20529B4FA5400DF459D /* UIColor+Extensions.swift */ = {isa = PBXFileReference; lastKnownFileType = sourcecode.swift; path = "UIColor+Extensions.swift"; sourceTree = "<group>"; };
		C010C20629B4FA5400DF459D /* NumberFormatter+Extensions.swift */ = {isa = PBXFileReference; lastKnownFileType = sourcecode.swift; path = "NumberFormatter+Extensions.swift"; sourceTree = "<group>"; };
		C010C20729B4FA5400DF459D /* ViewfinderStyles.swift */ = {isa = PBXFileReference; lastKnownFileType = sourcecode.swift; path = ViewfinderStyles.swift; sourceTree = "<group>"; };
		C010C20A29B4FA5400DF459D /* OptionalAny+Extensions.swift */ = {isa = PBXFileReference; lastKnownFileType = sourcecode.swift; path = "OptionalAny+Extensions.swift"; sourceTree = "<group>"; };
		C010C20B29B4FA5400DF459D /* MeasureUnit+Extensions.swift */ = {isa = PBXFileReference; lastKnownFileType = sourcecode.swift; path = "MeasureUnit+Extensions.swift"; sourceTree = "<group>"; };
		C010C21029B4FA5400DF459D /* UITableViewCell+Extensions.swift */ = {isa = PBXFileReference; lastKnownFileType = sourcecode.swift; path = "UITableViewCell+Extensions.swift"; sourceTree = "<group>"; };
		C010C21529B4FA5400DF459D /* Float+Extensions.swift */ = {isa = PBXFileReference; lastKnownFileType = sourcecode.swift; path = "Float+Extensions.swift"; sourceTree = "<group>"; };
		C010C21929B4FAC500DF459D /* ViewSettings.storyboard */ = {isa = PBXFileReference; lastKnownFileType = file.storyboard; path = ViewSettings.storyboard; sourceTree = "<group>"; };
		C01BC0C0280E820D005BC2EA /* CaptureViewController.swift */ = {isa = PBXFileReference; fileEncoding = 4; lastKnownFileType = sourcecode.swift; path = CaptureViewController.swift; sourceTree = "<group>"; };
		C01BC0C4280E9432005BC2EA /* LoginViewController.swift */ = {isa = PBXFileReference; lastKnownFileType = sourcecode.swift; path = LoginViewController.swift; sourceTree = "<group>"; };
		C062980927FEA948009EE5F2 /* SettingsSample.app */ = {isa = PBXFileReference; explicitFileType = wrapper.application; includeInIndex = 0; path = SettingsSample.app; sourceTree = BUILT_PRODUCTS_DIR; };
		C062980C27FEA948009EE5F2 /* AppDelegate.swift */ = {isa = PBXFileReference; lastKnownFileType = sourcecode.swift; path = AppDelegate.swift; sourceTree = "<group>"; };
		C062980E27FEA948009EE5F2 /* SceneDelegate.swift */ = {isa = PBXFileReference; lastKnownFileType = sourcecode.swift; path = SceneDelegate.swift; sourceTree = "<group>"; };
		C062981327FEA948009EE5F2 /* Base */ = {isa = PBXFileReference; lastKnownFileType = file.storyboard; name = Base; path = Base.lproj/Main.storyboard; sourceTree = "<group>"; };
		C062981527FEA94A009EE5F2 /* Assets.xcassets */ = {isa = PBXFileReference; lastKnownFileType = folder.assetcatalog; path = Assets.xcassets; sourceTree = "<group>"; };
		C062981827FEA94A009EE5F2 /* Base */ = {isa = PBXFileReference; lastKnownFileType = file.storyboard; name = Base; path = Base.lproj/LaunchScreen.storyboard; sourceTree = "<group>"; };
		C062981A27FEA94A009EE5F2 /* Info.plist */ = {isa = PBXFileReference; lastKnownFileType = text.plist.xml; path = Info.plist; sourceTree = "<group>"; };
		C0800A952A557D0E00093419 /* CustomOverlayView.swift */ = {isa = PBXFileReference; lastKnownFileType = sourcecode.swift; path = CustomOverlayView.swift; sourceTree = "<group>"; };
		C081A39A29B23108006999A1 /* SettingsViewController.swift */ = {isa = PBXFileReference; lastKnownFileType = sourcecode.swift; path = SettingsViewController.swift; sourceTree = "<group>"; };
		C0904F1329B505C6007D5A82 /* Constants.swift */ = {isa = PBXFileReference; lastKnownFileType = sourcecode.swift; path = Constants.swift; sourceTree = "<group>"; };
		C0904F4E29B67331007D5A82 /* PriceCheckFeedbackSettings.storyboard */ = {isa = PBXFileReference; lastKnownFileType = file.storyboard; path = PriceCheckFeedbackSettings.storyboard; sourceTree = "<group>"; };
		C0904F4F29B674C8007D5A82 /* PriceCheckFeedbackTableViewController.swift */ = {isa = PBXFileReference; lastKnownFileType = sourcecode.swift; path = PriceCheckFeedbackTableViewController.swift; sourceTree = "<group>"; };
		C0904F5129B675C6007D5A82 /* PriceCheckFeedbackDataSource.swift */ = {isa = PBXFileReference; lastKnownFileType = sourcecode.swift; path = PriceCheckFeedbackDataSource.swift; sourceTree = "<group>"; };
		C0CA8F6229BA90CD00DD2F26 /* Size+Extensions.swift */ = {isa = PBXFileReference; lastKnownFileType = sourcecode.swift; path = "Size+Extensions.swift"; sourceTree = "<group>"; };
		D33BB1B0296DD54F0046619E /* Assets.swift */ = {isa = PBXFileReference; lastKnownFileType = sourcecode.swift; path = Assets.swift; sourceTree = "<group>"; };
		D366425E2A976EAF00AC82EF /* SettingsManagerFeedbackSection.swift */ = {isa = PBXFileReference; lastKnownFileType = sourcecode.swift; path = SettingsManagerFeedbackSection.swift; sourceTree = "<group>"; };
		D36642602A976F8800AC82EF /* SettingsManagerSection.swift */ = {isa = PBXFileReference; lastKnownFileType = sourcecode.swift; path = SettingsManagerSection.swift; sourceTree = "<group>"; };
		D36642622A97701A00AC82EF /* SettingsManagerViewfinderConfigurationSection.swift */ = {isa = PBXFileReference; lastKnownFileType = sourcecode.swift; path = SettingsManagerViewfinderConfigurationSection.swift; sourceTree = "<group>"; };
		D36642642A9770C700AC82EF /* SettingsManagerLaserlineViewfinderSection.swift */ = {isa = PBXFileReference; lastKnownFileType = sourcecode.swift; path = SettingsManagerLaserlineViewfinderSection.swift; sourceTree = "<group>"; };
		D36642662A97738700AC82EF /* SettingsManagerAimerViewfinderSection.swift */ = {isa = PBXFileReference; lastKnownFileType = sourcecode.swift; path = SettingsManagerAimerViewfinderSection.swift; sourceTree = "<group>"; };
		D36642682A97739A00AC82EF /* SettingsManagerRectangularViewfinderSection.swift */ = {isa = PBXFileReference; lastKnownFileType = sourcecode.swift; path = SettingsManagerRectangularViewfinderSection.swift; sourceTree = "<group>"; };
		D366426A2A97742F00AC82EF /* SettingsManagerBasicOverlaySection.swift */ = {isa = PBXFileReference; lastKnownFileType = sourcecode.swift; path = SettingsManagerBasicOverlaySection.swift; sourceTree = "<group>"; };
		D366426C2A97749C00AC82EF /* SettingsManagerAdvancedOverlaySection.swift */ = {isa = PBXFileReference; lastKnownFileType = sourcecode.swift; path = SettingsManagerAdvancedOverlaySection.swift; sourceTree = "<group>"; };
		D366426E2A9774E500AC82EF /* SettingsManagerCustomOverlaySection.swift */ = {isa = PBXFileReference; lastKnownFileType = sourcecode.swift; path = SettingsManagerCustomOverlaySection.swift; sourceTree = "<group>"; };
		D3A63D6A28E432810030EE3A /* UIViewController+Toast.swift */ = {isa = PBXFileReference; fileEncoding = 4; lastKnownFileType = sourcecode.swift; path = "UIViewController+Toast.swift"; sourceTree = "<group>"; };
		D3B01F662A3A153400BA3405 /* ScanditShelf */ = {isa = PBXFileReference; lastKnownFileType = wrapper; name = ScanditShelf; path = ../ScanditShelf; sourceTree = "<group>"; };
		D3D1C1042A8F9216004165CF /* PriceCheckFlowTableViewController.swift */ = {isa = PBXFileReference; lastKnownFileType = sourcecode.swift; path = PriceCheckFlowTableViewController.swift; sourceTree = "<group>"; };
		D3D1C1062A8F924A004165CF /* PriceCheckFlowDataSource.swift */ = {isa = PBXFileReference; lastKnownFileType = sourcecode.swift; path = PriceCheckFlowDataSource.swift; sourceTree = "<group>"; };
		D3D1C1082A8F9BB1004165CF /* PriceCheckFlow.storyboard */ = {isa = PBXFileReference; fileEncoding = 4; lastKnownFileType = file.storyboard; path = PriceCheckFlow.storyboard; sourceTree = "<group>"; };
		D3D3694E286DCEFC006FD7A0 /* Segues.swift */ = {isa = PBXFileReference; fileEncoding = 4; lastKnownFileType = sourcecode.swift; path = Segues.swift; sourceTree = "<group>"; };
		D3EE3D642822D4E1007A25FC /* StoreListViewController.swift */ = {isa = PBXFileReference; fileEncoding = 4; lastKnownFileType = sourcecode.swift; path = StoreListViewController.swift; sourceTree = "<group>"; };
/* End PBXFileReference section */

/* Begin PBXFrameworksBuildPhase section */
		C062980627FEA948009EE5F2 /* Frameworks */ = {
			isa = PBXFrameworksBuildPhase;
			buildActionMask = 2147483647;
			files = (
				D3B01F692A3A153F00BA3405 /* ScanditShelf in Frameworks */,
			);
			runOnlyForDeploymentPostprocessing = 0;
		};
/* End PBXFrameworksBuildPhase section */

/* Begin PBXGroup section */
		C010C1B729B4F7DB00DF459D /* Controllers */ = {
			isa = PBXGroup;
			children = (
				C010C1B829B4F7DB00DF459D /* Settings */,
				C010C1CC29B4F7DB00DF459D /* Other */,
			);
			path = Controllers;
			sourceTree = "<group>";
		};
		C010C1B829B4F7DB00DF459D /* Settings */ = {
			isa = PBXGroup;
			children = (
				C010C1B929B4F7DB00DF459D /* MainTableViewController.swift */,
				C0904F4F29B674C8007D5A82 /* PriceCheckFeedbackTableViewController.swift */,
				C010C1BC29B4F7DB00DF459D /* View */,
			);
			path = Settings;
			sourceTree = "<group>";
		};
		C010C1BC29B4F7DB00DF459D /* View */ = {
			isa = PBXGroup;
			children = (
				C010C1BF29B4F7DB00DF459D /* ScanAreaTableViewController.swift */,
				C010C1C029B4F7DB00DF459D /* ViewfinderTableViewController.swift */,
				C010C1C129B4F7DB00DF459D /* OverlayTableViewController.swift */,
				D3D1C1042A8F9216004165CF /* PriceCheckFlowTableViewController.swift */,
			);
			path = View;
			sourceTree = "<group>";
		};
		C010C1CC29B4F7DB00DF459D /* Other */ = {
			isa = PBXGroup;
			children = (
				C010C1CD29B4F7DB00DF459D /* SettingsTableViewController.swift */,
				C010C1CE29B4F7DB00DF459D /* ChoiceViewController.swift */,
				C010C1CF29B4F7DB00DF459D /* NavigationController.swift */,
				C010C1D029B4F7DB00DF459D /* FloatWithUnitChooserViewController.swift */,
			);
			path = Other;
			sourceTree = "<group>";
		};
		C010C1D229B4FA3900DF459D /* Model */ = {
			isa = PBXGroup;
			children = (
				D366425D2A976EA100AC82EF /* Sections */,
				C010C1D629B4FA3900DF459D /* SettingsManager.swift */,
			);
			path = Model;
			sourceTree = "<group>";
		};
		C010C1D729B4FA4400DF459D /* Data Source */ = {
			isa = PBXGroup;
			children = (
				C010C1F329B4FA4400DF459D /* Other */,
				C010C1D829B4FA4400DF459D /* Settings */,
			);
			path = "Data Source";
			sourceTree = "<group>";
		};
		C010C1D829B4FA4400DF459D /* Settings */ = {
			isa = PBXGroup;
			children = (
				C0904F5129B675C6007D5A82 /* PriceCheckFeedbackDataSource.swift */,
				D3D1C1062A8F924A004165CF /* PriceCheckFlowDataSource.swift */,
				C010C1D929B4FA4400DF459D /* RectangularSizeSpecification.swift */,
				C010C1E329B4FA4400DF459D /* View */,
			);
			path = Settings;
			sourceTree = "<group>";
		};
		C010C1E329B4FA4400DF459D /* View */ = {
			isa = PBXGroup;
			children = (
				C010C1E629B4FA4400DF459D /* OverlayDataSource.swift */,
				C010C1E429B4FA4400DF459D /* ScanAreaDataSource.swift */,
				C010C1E729B4FA4400DF459D /* Viewfinder */,
			);
			path = View;
			sourceTree = "<group>";
		};
		C010C1E729B4FA4400DF459D /* Viewfinder */ = {
			isa = PBXGroup;
			children = (
				C010C1E829B4FA4400DF459D /* LaserlineViewfinderDisabledColor.swift */,
				C010C1E929B4FA4400DF459D /* LaserlineViewfinderEnabledColor.swift */,
				C010C1EA29B4FA4400DF459D /* AimerViewfinderFrameColor.swift */,
				C010C1EB29B4FA4400DF459D /* AimerViewfinderDotColor.swift */,
				C010C1EC29B4FA4400DF459D /* ViewfinderDataSource.swift */,
				C010C1ED29B4FA4400DF459D /* RectangularViewfinderDisabledColor.swift */,
				C010C1EE29B4FA4400DF459D /* RectangularViewfinderColor.swift */,
			);
			path = Viewfinder;
			sourceTree = "<group>";
		};
		C010C1F329B4FA4400DF459D /* Other */ = {
			isa = PBXGroup;
			children = (
				C010C1F429B4FA4400DF459D /* Row+Specializations.swift */,
				C010C1F529B4FA4400DF459D /* DataSourceDelegate.swift */,
				C010C1F629B4FA4400DF459D /* Section.swift */,
				C010C1F729B4FA4400DF459D /* DataSource.swift */,
				C010C1F829B4FA4400DF459D /* Row.swift */,
			);
			path = Other;
			sourceTree = "<group>";
		};
		C010C1F929B4FA4C00DF459D /* Views */ = {
			isa = PBXGroup;
			children = (
				C010C1FB29B4FA4C00DF459D /* BasicCell.swift */,
				C010C1FC29B4FA4C00DF459D /* FloatInputCell.swift */,
				C0800A952A557D0E00093419 /* CustomOverlayView.swift */,
				C010C20129B4FA4C00DF459D /* SwitchCell.swift */,
				C010C1FD29B4FA4C00DF459D /* UITableView+Utils.swift */,
				C010C1FE29B4FA4C00DF459D /* SliderCell */,
			);
			path = Views;
			sourceTree = "<group>";
		};
		C010C1FE29B4FA4C00DF459D /* SliderCell */ = {
			isa = PBXGroup;
			children = (
				C010C1FF29B4FA4C00DF459D /* SliderCell.swift */,
				C010C20029B4FA4C00DF459D /* SliderCell.xib */,
			);
			path = SliderCell;
			sourceTree = "<group>";
		};
		C010C20229B4FA5400DF459D /* Extensions */ = {
			isa = PBXGroup;
			children = (
				C010C21529B4FA5400DF459D /* Float+Extensions.swift */,
				C010C20B29B4FA5400DF459D /* MeasureUnit+Extensions.swift */,
				C010C20629B4FA5400DF459D /* NumberFormatter+Extensions.swift */,
				C010C20A29B4FA5400DF459D /* OptionalAny+Extensions.swift */,
				C0CA8F6229BA90CD00DD2F26 /* Size+Extensions.swift */,
				C010C20529B4FA5400DF459D /* UIColor+Extensions.swift */,
				C010C21029B4FA5400DF459D /* UITableViewCell+Extensions.swift */,
				C010C20729B4FA5400DF459D /* ViewfinderStyles.swift */,
			);
			path = Extensions;
			sourceTree = "<group>";
		};
		C062980027FEA948009EE5F2 = {
			isa = PBXGroup;
			children = (
				D3B01F652A3A153400BA3405 /* Packages */,
				C062980B27FEA948009EE5F2 /* SettingsSample */,
				C062980A27FEA948009EE5F2 /* Products */,
				D3B01F672A3A153F00BA3405 /* Frameworks */,
			);
			sourceTree = "<group>";
		};
		C062980A27FEA948009EE5F2 /* Products */ = {
			isa = PBXGroup;
			children = (
				C062980927FEA948009EE5F2 /* SettingsSample.app */,
			);
			name = Products;
			sourceTree = "<group>";
		};
		C062980B27FEA948009EE5F2 /* SettingsSample */ = {
			isa = PBXGroup;
			children = (
				C062980C27FEA948009EE5F2 /* AppDelegate.swift */,
				C0904F1329B505C6007D5A82 /* Constants.swift */,
				C062980E27FEA948009EE5F2 /* SceneDelegate.swift */,
				C01BC0C4280E9432005BC2EA /* LoginViewController.swift */,
				D3EE3D642822D4E1007A25FC /* StoreListViewController.swift */,
				C01BC0C0280E820D005BC2EA /* CaptureViewController.swift */,
				C081A39A29B23108006999A1 /* SettingsViewController.swift */,
				D3A63D6A28E432810030EE3A /* UIViewController+Toast.swift */,
				D33BB1AF296DD5470046619E /* Utilities */,
				C010C20229B4FA5400DF459D /* Extensions */,
				C010C1F929B4FA4C00DF459D /* Views */,
				C010C1D729B4FA4400DF459D /* Data Source */,
				C010C1D229B4FA3900DF459D /* Model */,
				C010C1B729B4F7DB00DF459D /* Controllers */,
				C062981A27FEA94A009EE5F2 /* Info.plist */,
				C062981527FEA94A009EE5F2 /* Assets.xcassets */,
				C062981727FEA94A009EE5F2 /* LaunchScreen.storyboard */,
				C062981227FEA948009EE5F2 /* Main.storyboard */,
				C0904F4E29B67331007D5A82 /* PriceCheckFeedbackSettings.storyboard */,
				C010C21929B4FAC500DF459D /* ViewSettings.storyboard */,
				D3D1C1082A8F9BB1004165CF /* PriceCheckFlow.storyboard */,
			);
			path = SettingsSample;
			sourceTree = "<group>";
		};
		D33BB1AF296DD5470046619E /* Utilities */ = {
			isa = PBXGroup;
			children = (
				D3D3694E286DCEFC006FD7A0 /* Segues.swift */,
				D33BB1B0296DD54F0046619E /* Assets.swift */,
			);
			path = Utilities;
			sourceTree = "<group>";
		};
		D366425D2A976EA100AC82EF /* Sections */ = {
			isa = PBXGroup;
			children = (
				D366425E2A976EAF00AC82EF /* SettingsManagerFeedbackSection.swift */,
				D36642602A976F8800AC82EF /* SettingsManagerSection.swift */,
				D36642622A97701A00AC82EF /* SettingsManagerViewfinderConfigurationSection.swift */,
				D36642642A9770C700AC82EF /* SettingsManagerLaserlineViewfinderSection.swift */,
				D36642662A97738700AC82EF /* SettingsManagerAimerViewfinderSection.swift */,
				D36642682A97739A00AC82EF /* SettingsManagerRectangularViewfinderSection.swift */,
				D366426A2A97742F00AC82EF /* SettingsManagerBasicOverlaySection.swift */,
				D366426C2A97749C00AC82EF /* SettingsManagerAdvancedOverlaySection.swift */,
				D366426E2A9774E500AC82EF /* SettingsManagerCustomOverlaySection.swift */,
			);
			path = Sections;
			sourceTree = "<group>";
		};
		D3B01F652A3A153400BA3405 /* Packages */ = {
			isa = PBXGroup;
			children = (
				D3B01F662A3A153400BA3405 /* ScanditShelf */,
			);
			name = Packages;
			sourceTree = "<group>";
		};
		D3B01F672A3A153F00BA3405 /* Frameworks */ = {
			isa = PBXGroup;
			children = (
			);
			name = Frameworks;
			sourceTree = "<group>";
		};
/* End PBXGroup section */

/* Begin PBXNativeTarget section */
		C062980827FEA948009EE5F2 /* SettingsSample */ = {
			isa = PBXNativeTarget;
			buildConfigurationList = C062981D27FEA94A009EE5F2 /* Build configuration list for PBXNativeTarget "SettingsSample" */;
			buildPhases = (
				C062980527FEA948009EE5F2 /* Sources */,
				C062980627FEA948009EE5F2 /* Frameworks */,
				C062980727FEA948009EE5F2 /* Resources */,
				C062982427FEC751009EE5F2 /* Embed Frameworks */,
			);
			buildRules = (
			);
			dependencies = (
			);
			name = SettingsSample;
			packageProductDependencies = (
				D3B01F682A3A153F00BA3405 /* ScanditShelf */,
			);
			productName = ShelfPPLESample;
			productReference = C062980927FEA948009EE5F2 /* SettingsSample.app */;
			productType = "com.apple.product-type.application";
		};
/* End PBXNativeTarget section */

/* Begin PBXProject section */
		C062980127FEA948009EE5F2 /* Project object */ = {
			isa = PBXProject;
			attributes = {
				BuildIndependentTargetsInParallel = 1;
				LastSwiftUpdateCheck = 1320;
				LastUpgradeCheck = 1320;
				TargetAttributes = {
					C062980827FEA948009EE5F2 = {
						CreatedOnToolsVersion = 13.2.1;
					};
				};
			};
			buildConfigurationList = C062980427FEA948009EE5F2 /* Build configuration list for PBXProject "SettingsSample" */;
			compatibilityVersion = "Xcode 13.0";
			developmentRegion = en;
			hasScannedForEncodings = 0;
			knownRegions = (
				en,
				Base,
			);
			mainGroup = C062980027FEA948009EE5F2;
			productRefGroup = C062980A27FEA948009EE5F2 /* Products */;
			projectDirPath = "";
			projectRoot = "";
			targets = (
				C062980827FEA948009EE5F2 /* SettingsSample */,
			);
		};
/* End PBXProject section */

/* Begin PBXResourcesBuildPhase section */
		C062980727FEA948009EE5F2 /* Resources */ = {
			isa = PBXResourcesBuildPhase;
			buildActionMask = 2147483647;
			files = (
				C0904F5329B86C36007D5A82 /* PriceCheckFeedbackSettings.storyboard in Resources */,
				C0904F0A29B505A2007D5A82 /* SliderCell.xib in Resources */,
				C062981927FEA94A009EE5F2 /* LaunchScreen.storyboard in Resources */,
				C0904EE729B5026E007D5A82 /* ViewSettings.storyboard in Resources */,
				C062981627FEA94A009EE5F2 /* Assets.xcassets in Resources */,
				C062981427FEA948009EE5F2 /* Main.storyboard in Resources */,
				D3D1C1092A8F9BB1004165CF /* PriceCheckFlow.storyboard in Resources */,
			);
			runOnlyForDeploymentPostprocessing = 0;
		};
/* End PBXResourcesBuildPhase section */

/* Begin PBXSourcesBuildPhase section */
		C062980527FEA948009EE5F2 /* Sources */ = {
			isa = PBXSourcesBuildPhase;
			buildActionMask = 2147483647;
			files = (
				C0904F5C29BA594E007D5A82 /* Float+Extensions.swift in Sources */,
				C0904F5A29BA58F2007D5A82 /* OptionalAny+Extensions.swift in Sources */,
				C0904F1029B505A2007D5A82 /* SliderCell.swift in Sources */,
				D366426F2A9774E500AC82EF /* SettingsManagerCustomOverlaySection.swift in Sources */,
				C0904F2929B505E0007D5A82 /* ViewfinderDataSource.swift in Sources */,
				C0904F2F29B505E0007D5A82 /* LaserlineViewfinderEnabledColor.swift in Sources */,
				C0904F5D29BA8277007D5A82 /* MeasureUnit+Extensions.swift in Sources */,
				C01BC0C5280E9432005BC2EA /* LoginViewController.swift in Sources */,
				C0904F5229B675C6007D5A82 /* PriceCheckFeedbackDataSource.swift in Sources */,
				C0904F2229B505E0007D5A82 /* RectangularViewfinderColor.swift in Sources */,
				C0904F0B29B505A2007D5A82 /* RectangularSizeSpecification.swift in Sources */,
				D3D3694F286DCEFC006FD7A0 /* Segues.swift in Sources */,
				C0904F0D29B505A2007D5A82 /* Row+Specializations.swift in Sources */,
				C0904F2B29B505E0007D5A82 /* AimerViewfinderFrameColor.swift in Sources */,
				C0904F2829B505E0007D5A82 /* RectangularViewfinderDisabledColor.swift in Sources */,
				C0904F5929BA58E3007D5A82 /* NumberFormatter+Extensions.swift in Sources */,
				D366426D2A97749C00AC82EF /* SettingsManagerAdvancedOverlaySection.swift in Sources */,
				D33BB1B1296DD54F0046619E /* Assets.swift in Sources */,
				D3A63D6B28E432810030EE3A /* UIViewController+Toast.swift in Sources */,
				C0904EFC29B50582007D5A82 /* SettingsTableViewController.swift in Sources */,
				D36642612A976F8800AC82EF /* SettingsManagerSection.swift in Sources */,
				C0904F1229B505A2007D5A82 /* DataSourceDelegate.swift in Sources */,
				C0904F0629B505A2007D5A82 /* Row.swift in Sources */,
				C0904F1129B505A2007D5A82 /* DataSource.swift in Sources */,
				C0904F0229B5058C007D5A82 /* SettingsManager.swift in Sources */,
				C0904EF129B5056C007D5A82 /* ViewfinderTableViewController.swift in Sources */,
				C0904F5729B9E383007D5A82 /* ScanAreaTableViewController.swift in Sources */,
				D3EE3D652822D4E1007A25FC /* StoreListViewController.swift in Sources */,
				C0904F5829BA58CF007D5A82 /* UITableViewCell+Extensions.swift in Sources */,
				C0904F0429B505A2007D5A82 /* SwitchCell.swift in Sources */,
				C062980D27FEA948009EE5F2 /* AppDelegate.swift in Sources */,
				C0904F5029B674C8007D5A82 /* PriceCheckFeedbackTableViewController.swift in Sources */,
				C0904EFE29B50582007D5A82 /* NavigationController.swift in Sources */,
				C0904EFF29B50582007D5A82 /* FloatWithUnitChooserViewController.swift in Sources */,
				C0904F0529B505A2007D5A82 /* BasicCell.swift in Sources */,
				C0904F5529B931A3007D5A82 /* OverlayDataSource.swift in Sources */,
				C0904F5429B9319D007D5A82 /* OverlayTableViewController.swift in Sources */,
				C062980F27FEA948009EE5F2 /* SceneDelegate.swift in Sources */,
				C0904F2C29B505E0007D5A82 /* AimerViewfinderDotColor.swift in Sources */,
				C0904F5B29BA5933007D5A82 /* ViewfinderStyles.swift in Sources */,
				C0904F2529B505E0007D5A82 /* LaserlineViewfinderDisabledColor.swift in Sources */,
				D366426B2A97742F00AC82EF /* SettingsManagerBasicOverlaySection.swift in Sources */,
				C0904F0829B505A2007D5A82 /* FloatInputCell.swift in Sources */,
				D36642672A97738700AC82EF /* SettingsManagerAimerViewfinderSection.swift in Sources */,
				C0904F5629B9E37B007D5A82 /* ScanAreaDataSource.swift in Sources */,
				D36642632A97701A00AC82EF /* SettingsManagerViewfinderConfigurationSection.swift in Sources */,
				C0904F0E29B505A2007D5A82 /* Section.swift in Sources */,
				C0CA8F6329BA90CD00DD2F26 /* Size+Extensions.swift in Sources */,
				C081A39B29B23108006999A1 /* SettingsViewController.swift in Sources */,
				C0904EEB29B50561007D5A82 /* MainTableViewController.swift in Sources */,
				D36642692A97739A00AC82EF /* SettingsManagerRectangularViewfinderSection.swift in Sources */,
				D3D1C1052A8F9216004165CF /* PriceCheckFlowTableViewController.swift in Sources */,
				C01BC0C1280E820D005BC2EA /* CaptureViewController.swift in Sources */,
				C0904F1429B505C6007D5A82 /* Constants.swift in Sources */,
				C0904EFD29B50582007D5A82 /* ChoiceViewController.swift in Sources */,
				D3D1C1072A8F924A004165CF /* PriceCheckFlowDataSource.swift in Sources */,
				C0800A962A557D0E00093419 /* CustomOverlayView.swift in Sources */,
				D36642652A9770C700AC82EF /* SettingsManagerLaserlineViewfinderSection.swift in Sources */,
				D366425F2A976EAF00AC82EF /* SettingsManagerFeedbackSection.swift in Sources */,
				C0904F0929B505A2007D5A82 /* UITableView+Utils.swift in Sources */,
			);
			runOnlyForDeploymentPostprocessing = 0;
		};
/* End PBXSourcesBuildPhase section */

/* Begin PBXVariantGroup section */
		C062981227FEA948009EE5F2 /* Main.storyboard */ = {
			isa = PBXVariantGroup;
			children = (
				C062981327FEA948009EE5F2 /* Base */,
			);
			name = Main.storyboard;
			sourceTree = "<group>";
		};
		C062981727FEA94A009EE5F2 /* LaunchScreen.storyboard */ = {
			isa = PBXVariantGroup;
			children = (
				C062981827FEA94A009EE5F2 /* Base */,
			);
			name = LaunchScreen.storyboard;
			sourceTree = "<group>";
		};
/* End PBXVariantGroup section */

/* Begin XCBuildConfiguration section */
		C062981B27FEA94A009EE5F2 /* Debug */ = {
			isa = XCBuildConfiguration;
			buildSettings = {
				ALWAYS_SEARCH_USER_PATHS = NO;
				CLANG_ANALYZER_NONNULL = YES;
				CLANG_ANALYZER_NUMBER_OBJECT_CONVERSION = YES_AGGRESSIVE;
				CLANG_CXX_LANGUAGE_STANDARD = "gnu++17";
				CLANG_CXX_LIBRARY = "libc++";
				CLANG_ENABLE_MODULES = YES;
				CLANG_ENABLE_OBJC_ARC = YES;
				CLANG_ENABLE_OBJC_WEAK = YES;
				CLANG_WARN_BLOCK_CAPTURE_AUTORELEASING = YES;
				CLANG_WARN_BOOL_CONVERSION = YES;
				CLANG_WARN_COMMA = YES;
				CLANG_WARN_CONSTANT_CONVERSION = YES;
				CLANG_WARN_DEPRECATED_OBJC_IMPLEMENTATIONS = YES;
				CLANG_WARN_DIRECT_OBJC_ISA_USAGE = YES_ERROR;
				CLANG_WARN_DOCUMENTATION_COMMENTS = YES;
				CLANG_WARN_EMPTY_BODY = YES;
				CLANG_WARN_ENUM_CONVERSION = YES;
				CLANG_WARN_INFINITE_RECURSION = YES;
				CLANG_WARN_INT_CONVERSION = YES;
				CLANG_WARN_NON_LITERAL_NULL_CONVERSION = YES;
				CLANG_WARN_OBJC_IMPLICIT_RETAIN_SELF = YES;
				CLANG_WARN_OBJC_LITERAL_CONVERSION = YES;
				CLANG_WARN_OBJC_ROOT_CLASS = YES_ERROR;
				CLANG_WARN_QUOTED_INCLUDE_IN_FRAMEWORK_HEADER = YES;
				CLANG_WARN_RANGE_LOOP_ANALYSIS = YES;
				CLANG_WARN_STRICT_PROTOTYPES = YES;
				CLANG_WARN_SUSPICIOUS_MOVE = YES;
				CLANG_WARN_UNGUARDED_AVAILABILITY = YES_AGGRESSIVE;
				CLANG_WARN_UNREACHABLE_CODE = YES;
				CLANG_WARN__DUPLICATE_METHOD_MATCH = YES;
				COPY_PHASE_STRIP = NO;
				DEBUG_INFORMATION_FORMAT = dwarf;
				ENABLE_STRICT_OBJC_MSGSEND = YES;
				ENABLE_TESTABILITY = YES;
				GCC_C_LANGUAGE_STANDARD = gnu11;
				GCC_DYNAMIC_NO_PIC = NO;
				GCC_NO_COMMON_BLOCKS = YES;
				GCC_OPTIMIZATION_LEVEL = 0;
				GCC_PREPROCESSOR_DEFINITIONS = (
					"DEBUG=1",
					"$(inherited)",
				);
				GCC_WARN_64_TO_32_BIT_CONVERSION = YES;
				GCC_WARN_ABOUT_RETURN_TYPE = YES_ERROR;
				GCC_WARN_UNDECLARED_SELECTOR = YES;
				GCC_WARN_UNINITIALIZED_AUTOS = YES_AGGRESSIVE;
				GCC_WARN_UNUSED_FUNCTION = YES;
				GCC_WARN_UNUSED_VARIABLE = YES;
				IPHONEOS_DEPLOYMENT_TARGET = 15.0;
				MTL_ENABLE_DEBUG_INFO = INCLUDE_SOURCE;
				MTL_FAST_MATH = YES;
				ONLY_ACTIVE_ARCH = YES;
				SDKROOT = iphoneos;
				SWIFT_ACTIVE_COMPILATION_CONDITIONS = DEBUG;
				SWIFT_OPTIMIZATION_LEVEL = "-Onone";
			};
			name = Debug;
		};
		C062981C27FEA94A009EE5F2 /* Release */ = {
			isa = XCBuildConfiguration;
			buildSettings = {
				ALWAYS_SEARCH_USER_PATHS = NO;
				CLANG_ANALYZER_NONNULL = YES;
				CLANG_ANALYZER_NUMBER_OBJECT_CONVERSION = YES_AGGRESSIVE;
				CLANG_CXX_LANGUAGE_STANDARD = "gnu++17";
				CLANG_CXX_LIBRARY = "libc++";
				CLANG_ENABLE_MODULES = YES;
				CLANG_ENABLE_OBJC_ARC = YES;
				CLANG_ENABLE_OBJC_WEAK = YES;
				CLANG_WARN_BLOCK_CAPTURE_AUTORELEASING = YES;
				CLANG_WARN_BOOL_CONVERSION = YES;
				CLANG_WARN_COMMA = YES;
				CLANG_WARN_CONSTANT_CONVERSION = YES;
				CLANG_WARN_DEPRECATED_OBJC_IMPLEMENTATIONS = YES;
				CLANG_WARN_DIRECT_OBJC_ISA_USAGE = YES_ERROR;
				CLANG_WARN_DOCUMENTATION_COMMENTS = YES;
				CLANG_WARN_EMPTY_BODY = YES;
				CLANG_WARN_ENUM_CONVERSION = YES;
				CLANG_WARN_INFINITE_RECURSION = YES;
				CLANG_WARN_INT_CONVERSION = YES;
				CLANG_WARN_NON_LITERAL_NULL_CONVERSION = YES;
				CLANG_WARN_OBJC_IMPLICIT_RETAIN_SELF = YES;
				CLANG_WARN_OBJC_LITERAL_CONVERSION = YES;
				CLANG_WARN_OBJC_ROOT_CLASS = YES_ERROR;
				CLANG_WARN_QUOTED_INCLUDE_IN_FRAMEWORK_HEADER = YES;
				CLANG_WARN_RANGE_LOOP_ANALYSIS = YES;
				CLANG_WARN_STRICT_PROTOTYPES = YES;
				CLANG_WARN_SUSPICIOUS_MOVE = YES;
				CLANG_WARN_UNGUARDED_AVAILABILITY = YES_AGGRESSIVE;
				CLANG_WARN_UNREACHABLE_CODE = YES;
				CLANG_WARN__DUPLICATE_METHOD_MATCH = YES;
				COPY_PHASE_STRIP = NO;
				DEBUG_INFORMATION_FORMAT = "dwarf-with-dsym";
				ENABLE_NS_ASSERTIONS = NO;
				ENABLE_STRICT_OBJC_MSGSEND = YES;
				GCC_C_LANGUAGE_STANDARD = gnu11;
				GCC_NO_COMMON_BLOCKS = YES;
				GCC_WARN_64_TO_32_BIT_CONVERSION = YES;
				GCC_WARN_ABOUT_RETURN_TYPE = YES_ERROR;
				GCC_WARN_UNDECLARED_SELECTOR = YES;
				GCC_WARN_UNINITIALIZED_AUTOS = YES_AGGRESSIVE;
				GCC_WARN_UNUSED_FUNCTION = YES;
				GCC_WARN_UNUSED_VARIABLE = YES;
				IPHONEOS_DEPLOYMENT_TARGET = 15.0;
				MTL_ENABLE_DEBUG_INFO = NO;
				MTL_FAST_MATH = YES;
				SDKROOT = iphoneos;
				SWIFT_COMPILATION_MODE = wholemodule;
				SWIFT_OPTIMIZATION_LEVEL = "-O";
				VALIDATE_PRODUCT = YES;
			};
			name = Release;
		};
		C062981E27FEA94A009EE5F2 /* Debug */ = {
			isa = XCBuildConfiguration;
			buildSettings = {
				ASSETCATALOG_COMPILER_APPICON_NAME = AppIcon;
				ASSETCATALOG_COMPILER_GLOBAL_ACCENT_COLOR_NAME = AccentColor;
				CODE_SIGN_IDENTITY = "iPhone Distribution";
				"CODE_SIGN_IDENTITY[sdk=iphoneos*]" = "iPhone Distribution";
				CODE_SIGN_STYLE = Manual;
				CURRENT_PROJECT_VERSION = 1;
				DEVELOPMENT_TEAM = 79D4J6BB7A;
				"DEVELOPMENT_TEAM[sdk=iphoneos*]" = 79D4J6BB7A;
				GENERATE_INFOPLIST_FILE = YES;
				INFOPLIST_FILE = SettingsSample/Info.plist;
				INFOPLIST_KEY_NSCameraUsageDescription = "[Camera usage description]";
				INFOPLIST_KEY_UIApplicationSupportsIndirectInputEvents = YES;
				INFOPLIST_KEY_UILaunchStoryboardName = LaunchScreen;
				INFOPLIST_KEY_UIMainStoryboardFile = Main;
				INFOPLIST_KEY_UISupportedInterfaceOrientations_iPad = "UIInterfaceOrientationPortrait UIInterfaceOrientationPortraitUpsideDown UIInterfaceOrientationLandscapeLeft UIInterfaceOrientationLandscapeRight";
				INFOPLIST_KEY_UISupportedInterfaceOrientations_iPhone = "UIInterfaceOrientationPortrait UIInterfaceOrientationLandscapeLeft UIInterfaceOrientationLandscapeRight";
				INFOPLIST_KEY_UIUserInterfaceStyle = Light;
				LD_RUNPATH_SEARCH_PATHS = (
					"$(inherited)",
					"@executable_path/Frameworks",
				);
				MARKETING_VERSION = 1.0;
				PRODUCT_BUNDLE_IDENTIFIER = com.scandit.shelf.SettingsSample;
				PRODUCT_NAME = "$(TARGET_NAME)";
				PROVISIONING_PROFILE_SPECIFIER = "match InHouse *";
				"PROVISIONING_PROFILE_SPECIFIER[sdk=iphoneos*]" = "match InHouse *";
				SWIFT_EMIT_LOC_STRINGS = YES;
				SWIFT_VERSION = 5.0;
				TARGETED_DEVICE_FAMILY = "1,2";
			};
			name = Debug;
		};
		C062981F27FEA94A009EE5F2 /* Release */ = {
			isa = XCBuildConfiguration;
			buildSettings = {
				ASSETCATALOG_COMPILER_APPICON_NAME = AppIcon;
				ASSETCATALOG_COMPILER_GLOBAL_ACCENT_COLOR_NAME = AccentColor;
				CODE_SIGN_IDENTITY = "iPhone Distribution";
				"CODE_SIGN_IDENTITY[sdk=iphoneos*]" = "iPhone Distribution";
				CODE_SIGN_STYLE = Manual;
				CURRENT_PROJECT_VERSION = 1;
				DEVELOPMENT_TEAM = 79D4J6BB7A;
				"DEVELOPMENT_TEAM[sdk=iphoneos*]" = 79D4J6BB7A;
				GENERATE_INFOPLIST_FILE = YES;
				INFOPLIST_FILE = SettingsSample/Info.plist;
				INFOPLIST_KEY_NSCameraUsageDescription = "[Camera usage description]";
				INFOPLIST_KEY_UIApplicationSupportsIndirectInputEvents = YES;
				INFOPLIST_KEY_UILaunchStoryboardName = LaunchScreen;
				INFOPLIST_KEY_UIMainStoryboardFile = Main;
				INFOPLIST_KEY_UISupportedInterfaceOrientations_iPad = "UIInterfaceOrientationPortrait UIInterfaceOrientationPortraitUpsideDown UIInterfaceOrientationLandscapeLeft UIInterfaceOrientationLandscapeRight";
				INFOPLIST_KEY_UISupportedInterfaceOrientations_iPhone = "UIInterfaceOrientationPortrait UIInterfaceOrientationLandscapeLeft UIInterfaceOrientationLandscapeRight";
				INFOPLIST_KEY_UIUserInterfaceStyle = Light;
				LD_RUNPATH_SEARCH_PATHS = (
					"$(inherited)",
					"@executable_path/Frameworks",
				);
				MARKETING_VERSION = 1.0;
				PRODUCT_BUNDLE_IDENTIFIER = com.scandit.shelf.SettingsSample;
				PRODUCT_NAME = "$(TARGET_NAME)";
				PROVISIONING_PROFILE_SPECIFIER = "match InHouse *";
				"PROVISIONING_PROFILE_SPECIFIER[sdk=iphoneos*]" = "match InHouse *";
				SWIFT_EMIT_LOC_STRINGS = YES;
				SWIFT_VERSION = 5.0;
				TARGETED_DEVICE_FAMILY = "1,2";
			};
			name = Release;
		};
/* End XCBuildConfiguration section */

/* Begin XCConfigurationList section */
		C062980427FEA948009EE5F2 /* Build configuration list for PBXProject "SettingsSample" */ = {
			isa = XCConfigurationList;
			buildConfigurations = (
				C062981B27FEA94A009EE5F2 /* Debug */,
				C062981C27FEA94A009EE5F2 /* Release */,
			);
			defaultConfigurationIsVisible = 0;
			defaultConfigurationName = Release;
		};
		C062981D27FEA94A009EE5F2 /* Build configuration list for PBXNativeTarget "SettingsSample" */ = {
			isa = XCConfigurationList;
			buildConfigurations = (
				C062981E27FEA94A009EE5F2 /* Debug */,
				C062981F27FEA94A009EE5F2 /* Release */,
			);
			defaultConfigurationIsVisible = 0;
			defaultConfigurationName = Release;
		};
/* End XCConfigurationList section */

/* Begin XCSwiftPackageProductDependency section */
		D3B01F682A3A153F00BA3405 /* ScanditShelf */ = {
			isa = XCSwiftPackageProductDependency;
			productName = ScanditShelf;
		};
/* End XCSwiftPackageProductDependency section */
	};
	rootObject = C062980127FEA948009EE5F2 /* Project object */;
}
